
Microsoft Visual Studio Solution File, Format Version 12.00
# Visual Studio Version 16
Project("{8BC9CEB8-8B4A-11D0-8D11-00A0C91BC942}") = "MClone", "MClone\MClone.vcxproj", "{A3C675C0-8F68-A096-7823-B4EA646427E7}"
EndProject
Project("{8BC9CEB8-8B4A-11D0-8D11-00A0C91BC942}") = "glad", "external\glad\glad.vcxproj", "{DD62977C-C999-980D-7286-7E105E9C140F}"
EndProject
Project("{8BC9CEB8-8B4A-11D0-8D11-00A0C91BC942}") = "yaml", "external\yaml\yaml.vcxproj", "{7814A17C-644B-A20D-0D38-8810F94D1E0F}"
EndProject
Global
	GlobalSection(SolutionConfigurationPlatforms) = preSolution
		Debug|x64 = Debug|x64
		Release|x64 = Release|x64
	EndGlobalSection
	GlobalSection(ProjectConfigurationPlatforms) = postSolution
		{A3C675C0-8F68-A096-7823-B4EA646427E7}.Debug|x64.ActiveCfg = Debug|x64
		{A3C675C0-8F68-A096-7823-B4EA646427E7}.Debug|x64.Build.0 = Debug|x64
		{A3C675C0-8F68-A096-7823-B4EA646427E7}.Release|x64.ActiveCfg = Release|x64
		{A3C675C0-8F68-A096-7823-B4EA646427E7}.Release|x64.Build.0 = Release|x64
		{DD62977C-C999-980D-7286-7E105E9C140F}.Debug|x64.ActiveCfg = Debug|x64
		{DD62977C-C999-980D-7286-7E105E9C140F}.Debug|x64.Build.0 = Debug|x64
		{DD62977C-C999-980D-7286-7E105E9C140F}.Release|x64.ActiveCfg = Release|x64
		{DD62977C-C999-980D-7286-7E105E9C140F}.Release|x64.Build.0 = Release|x64
		{7814A17C-644B-A20D-0D38-8810F94D1E0F}.Debug|x64.ActiveCfg = Debug|x64
		{7814A17C-644B-A20D-0D38-8810F94D1E0F}.Debug|x64.Build.0 = Debug|x64
		{7814A17C-644B-A20D-0D38-8810F94D1E0F}.Release|x64.ActiveCfg = Release|x64
		{7814A17C-644B-A20D-0D38-8810F94D1E0F}.Release|x64.Build.0 = Release|x64
	EndGlobalSection
	GlobalSection(SolutionProperties) = preSolution
		HideSolutionNode = FALSE
	EndGlobalSection
EndGlobal
