<?xml version="1.0" encoding="utf-8"?>
<Project ToolsVersion="4.0" xmlns="http://schemas.microsoft.com/developer/msbuild/2003">
  <ItemGroup>
    <Filter Include="include">
      <UniqueIdentifier>{89AF369E-F58E-B539-FEA6-40106A051C9B}</UniqueIdentifier>
    </Filter>
    <Filter Include="include\core">
      <UniqueIdentifier>{A17DD969-8DE0-680E-3666-A1C422A83491}</UniqueIdentifier>
    </Filter>
    <Filter Include="include\game">
      <UniqueIdentifier>{F272DB69-DED5-6A0E-875B-A3C4739D3691}</UniqueIdentifier>
    </Filter>
    <Filter Include="include\graphics">
      <UniqueIdentifier>{099E0101-F596-2053-1EC9-05D80A21005F}</UniqueIdentifier>
    </Filter>
    <Filter Include="include\input">
      <UniqueIdentifier>{683275A5-D4F2-F0DB-9D2D-3A5909AD35B8}</UniqueIdentifier>
    </Filter>
    <Filter Include="include\utils">
      <UniqueIdentifier>{C98351A6-3544-CDDC-FE7E-165A6AFE11B9}</UniqueIdentifier>
    </Filter>
    <Filter Include="src">
      <UniqueIdentifier>{2DAB880B-99B4-887C-2230-9F7C8E38947C}</UniqueIdentifier>
    </Filter>
    <Filter Include="src\core">
      <UniqueIdentifier>{C55F2ECF-B12C-89DA-DA45-7782C671BE68}</UniqueIdentifier>
    </Filter>
    <Filter Include="src\game">
      <UniqueIdentifier>{165530CF-0222-8BDA-2B3B-79821767C068}</UniqueIdentifier>
    </Filter>
    <Filter Include="src\graphics">
      <UniqueIdentifier>{2DF282EC-1955-1291-C2DA-4A47AE1CDE13}</UniqueIdentifier>
    </Filter>
    <Filter Include="src\input">
      <UniqueIdentifier>{0C5966B5-78C3-1A2C-C101-CCD12DABF880}</UniqueIdentifier>
    </Filter>
    <Filter Include="src\shaders">
      <UniqueIdentifier>{26450F9B-92FA-8790-1BEF-816787A37E94}</UniqueIdentifier>
    </Filter>
    <Filter Include="src\test">
      <UniqueIdentifier>{DC8737CF-C854-92DA-F16D-8082DD99C768}</UniqueIdentifier>
    </Filter>
    <Filter Include="src\utils">
      <UniqueIdentifier>{6DAA42B6-D914-F72C-2253-A8D28EFCD481}</UniqueIdentifier>
    </Filter>
  </ItemGroup>
  <ItemGroup>
    <ClInclude Include="include\core\engine.h">
      <Filter>include\core</Filter>
    </ClInclude>
    <ClInclude Include="include\core\logmanager.h">
      <Filter>include\core</Filter>
    </ClInclude>
    <ClInclude Include="include\core\window.h">
      <Filter>include\core</Filter>
    </ClInclude>
    <ClInclude Include="include\game\chunk.h">
      <Filter>include\game</Filter>
    </ClInclude>
    <ClInclude Include="include\game\chunkSystem.h">
      <Filter>include\game</Filter>
    </ClInclude>
    <ClInclude Include="include\graphics\camera.h">
      <Filter>include\graphics</Filter>
    </ClInclude>
    <ClInclude Include="include\graphics\helpers.h">
      <Filter>include\graphics</Filter>
    </ClInclude>
    <ClInclude Include="include\graphics\mipTexture.h">
      <Filter>include\graphics</Filter>
    </ClInclude>
    <ClInclude Include="include\graphics\shader.h">
      <Filter>include\graphics</Filter>
    </ClInclude>
    <ClInclude Include="include\graphics\texture.h">
      <Filter>include\graphics</Filter>
    </ClInclude>
    <ClInclude Include="include\graphics\vertex.h">
      <Filter>include\graphics</Filter>
    </ClInclude>
    <ClInclude Include="include\input\keyboard.h">
      <Filter>include\input</Filter>
    </ClInclude>
    <ClInclude Include="include\input\mouse.h">
      <Filter>include\input</Filter>
    </ClInclude>
    <ClInclude Include="include\log.h">
      <Filter>include</Filter>
    </ClInclude>
    <ClInclude Include="include\utils\pngPacker.h">
      <Filter>include\utils</Filter>
    </ClInclude>
  </ItemGroup>
  <ItemGroup>
    <ClCompile Include="src\core\engine.cpp">
      <Filter>src\core</Filter>
    </ClCompile>
    <ClCompile Include="src\core\logmanager.cpp">
      <Filter>src\core</Filter>
    </ClCompile>
    <ClCompile Include="src\core\window.cpp">
      <Filter>src\core</Filter>
    </ClCompile>
    <ClCompile Include="src\game\chunk.cpp">
      <Filter>src\game</Filter>
    </ClCompile>
    <ClCompile Include="src\game\chunkSystem.cpp">
      <Filter>src\game</Filter>
    </ClCompile>
    <ClCompile Include="src\graphics\camera.cpp">
      <Filter>src\graphics</Filter>
    </ClCompile>
    <ClCompile Include="src\graphics\helpers.cpp">
      <Filter>src\graphics</Filter>
    </ClCompile>
    <ClCompile Include="src\graphics\mipTexture.cpp">
      <Filter>src\graphics</Filter>
    </ClCompile>
    <ClCompile Include="src\graphics\shader.cpp">
      <Filter>src\graphics</Filter>
    </ClCompile>
    <ClCompile Include="src\graphics\texture.cpp">
      <Filter>src\graphics</Filter>
    </ClCompile>
    <ClCompile Include="src\graphics\vertex.cpp">
      <Filter>src\graphics</Filter>
    </ClCompile>
    <ClCompile Include="src\input\keyboard.cpp">
      <Filter>src\input</Filter>
    </ClCompile>
    <ClCompile Include="src\input\mouse.cpp">
      <Filter>src\input</Filter>
    </ClCompile>
    <ClCompile Include="src\main.cpp">
      <Filter>src</Filter>
    </ClCompile>
    <ClCompile Include="src\test\yamltest.cpp">
      <Filter>src\test</Filter>
    </ClCompile>
    <ClCompile Include="src\utils\pngPacker.cpp">
      <Filter>src\utils</Filter>
    </ClCompile>
  </ItemGroup>
  <ItemGroup>
    <None Include="src\shaders\fragment.glsl">
      <Filter>src\shaders</Filter>
    </None>
    <None Include="src\shaders\vertex.glsl">
      <Filter>src\shaders</Filter>
    </None>
    <None Include="blockFormat.yaml" />
    <None Include="textureFormat.yaml" />
  </ItemGroup>
</Project>